
Microsoft Visual Studio Solution File, Format Version 12.00
# Visual Studio Version 17
VisualStudioVersion = 17.10.35013.160
MinimumVisualStudioVersion = 10.0.40219.1
Project("{FAE04EC0-301F-11D3-BF4B-00C04F79EFBC}") = "BlazorCRUD.api", "BlazorCRUD.api\BlazorCRUD.api.csproj", "{CA3F9741-C923-45B6-807A-7C602BBCE484}"
EndProject
Project("{FAE04EC0-301F-11D3-BF4B-00C04F79EFBC}") = "BlazorCRUD.lib", "BlazorCRUD.lib\BlazorCRUD.lib.csproj", "{D779054F-3B83-4567-B6FF-A2C34B969667}"
EndProject
Project("{FAE04EC0-301F-11D3-BF4B-00C04F79EFBC}") = "BlazorWEBASSEM", "BlazorWEBASSEM\BlazorWEBASSEM.csproj", "{F27CDF97-3537-49C6-9800-DB7F83B9461A}"
EndProject
Global
	GlobalSection(SolutionConfigurationPlatforms) = preSolution
		Debug|Any CPU = Debug|Any CPU
		Release|Any CPU = Release|Any CPU
	EndGlobalSection
	GlobalSection(ProjectConfigurationPlatforms) = postSolution
		{CA3F9741-C923-45B6-807A-7C602BBCE484}.Debug|Any CPU.ActiveCfg = Debug|Any CPU
		{CA3F9741-C923-45B6-807A-7C602BBCE484}.Debug|Any CPU.Build.0 = Debug|Any CPU
		{CA3F9741-C923-45B6-807A-7C602BBCE484}.Release|Any CPU.ActiveCfg = Release|Any CPU
		{CA3F9741-C923-45B6-807A-7C602BBCE484}.Release|Any CPU.Build.0 = Release|Any CPU
		{D779054F-3B83-4567-B6FF-A2C34B969667}.Debug|Any CPU.ActiveCfg = Debug|Any CPU
		{D779054F-3B83-4567-B6FF-A2C34B969667}.Debug|Any CPU.Build.0 = Debug|Any CPU
		{D779054F-3B83-4567-B6FF-A2C34B969667}.Release|Any CPU.ActiveCfg = Release|Any CPU
		{D779054F-3B83-4567-B6FF-A2C34B969667}.Release|Any CPU.Build.0 = Release|Any CPU
		{F27CDF97-3537-49C6-9800-DB7F83B9461A}.Debug|Any CPU.ActiveCfg = Debug|Any CPU
		{F27CDF97-3537-49C6-9800-DB7F83B9461A}.Debug|Any CPU.Build.0 = Debug|Any CPU
		{F27CDF97-3537-49C6-9800-DB7F83B9461A}.Release|Any CPU.ActiveCfg = Release|Any CPU
		{F27CDF97-3537-49C6-9800-DB7F83B9461A}.Release|Any CPU.Build.0 = Release|Any CPU
	EndGlobalSection
	GlobalSection(SolutionProperties) = preSolution
		HideSolutionNode = FALSE
	EndGlobalSection
	GlobalSection(ExtensibilityGlobals) = postSolution
		SolutionGuid = {2C0FB1D9-47D1-40E2-B135-12CEE26A5916}
	EndGlobalSection
EndGlobal
